
Microsoft Visual Studio Solution File, Format Version 12.00
# Visual Studio Version 17
VisualStudioVersion = 17.0.31903.59
MinimumVisualStudioVersion = 10.0.40219.1
Project("{9A19103F-16F7-4668-BE54-9A1E7A4F7556}") = "BlazingPizza", "BlazingPizza.csproj", "{9EAB59B1-A74F-41F7-A3B4-3A3C1EEB6838}"
EndProject
Global
	GlobalSection(SolutionConfigurationPlatforms) = preSolution
		Debug|Any CPU = Debug|Any CPU
		Release|Any CPU = Release|Any CPU
	EndGlobalSection
	GlobalSection(ProjectConfigurationPlatforms) = postSolution
		{9EAB59B1-A74F-41F7-A3B4-3A3C1EEB6838}.Debug|Any CPU.ActiveCfg = Debug|Any CPU
		{9EAB59B1-A74F-41F7-A3B4-3A3C1EEB6838}.Debug|Any CPU.Build.0 = Debug|Any CPU
		{9EAB59B1-A74F-41F7-A3B4-3A3C1EEB6838}.Release|Any CPU.ActiveCfg = Release|Any CPU
		{9EAB59B1-A74F-41F7-A3B4-3A3C1EEB6838}.Release|Any CPU.Build.0 = Release|Any CPU
	EndGlobalSection
	GlobalSection(SolutionProperties) = preSolution
		HideSolutionNode = FALSE
	EndGlobalSection
	GlobalSection(ExtensibilityGlobals) = postSolution
		SolutionGuid = {98AF3327-039F-4A4D-B702-BB262BEB436D}
	EndGlobalSection
EndGlobal
